
Microsoft Visual Studio Solution File, Format Version 12.00
# Visual Studio Version 17
VisualStudioVersion = 17.9.34701.34
MinimumVisualStudioVersion = 10.0.40219.1
Project("{FAE04EC0-301F-11D3-BF4B-00C04F79EFBC}") = "DesktopInformationSystem", "DesktopInformationSystem\DesktopInformationSystem.csproj", "{4F4131F4-5802-4ED6-9814-14FD17A13754}"
EndProject
Global
	GlobalSection(SolutionConfigurationPlatforms) = preSolution
		Debug|Any CPU = Debug|Any CPU
		Release|Any CPU = Release|Any CPU
	EndGlobalSection
	GlobalSection(ProjectConfigurationPlatforms) = postSolution
		{4F4131F4-5802-4ED6-9814-14FD17A13754}.Debug|Any CPU.ActiveCfg = Debug|Any CPU
		{4F4131F4-5802-4ED6-9814-14FD17A13754}.Debug|Any CPU.Build.0 = Debug|Any CPU
		{4F4131F4-5802-4ED6-9814-14FD17A13754}.Release|Any CPU.ActiveCfg = Release|Any CPU
		{4F4131F4-5802-4ED6-9814-14FD17A13754}.Release|Any CPU.Build.0 = Release|Any CPU
	EndGlobalSection
	GlobalSection(SolutionProperties) = preSolution
		HideSolutionNode = FALSE
	EndGlobalSection
	GlobalSection(ExtensibilityGlobals) = postSolution
		SolutionGuid = {C416A34B-BECF-4534-A206-D62BFE05B3EE}
	EndGlobalSection
EndGlobal
